PODS:
  - AppCenter (1.10.0):
    - AppCenter/Analytics (= 1.10.0)
    - AppCenter/Crashes (= 1.10.0)
  - AppCenter/Analytics (1.10.0):
    - AppCenter/Core
  - AppCenter/Core (1.10.0)
  - AppCenter/Crashes (1.10.0):
    - AppCenter/Core
  - AppCenter/Distribute (1.10.0):
    - AppCenter/Core
  - AppCenter/Push (1.10.0):
    - AppCenter/Core

DEPENDENCIES:
  - AppCenter
  - AppCenter/Distribute
  - AppCenter/Push

SPEC REPOS:
  https://github.com/cocoapods/specs.git:
    - AppCenter

SPEC CHECKSUMS:
  AppCenter: 2d196f6547d274ab86836f9082cfdbd3d397e7b6

PODFILE CHECKSUM: baa5e2e5661224f4bf44b5a14183998068345294

COCOAPODS: 1.5.3
